
Microsoft Visual Studio Solution File, Format Version 12.00
# Visual Studio 15
VisualStudioVersion = 15.0.28010.2050
MinimumVisualStudioVersion = 10.0.40219.1
Project("{FAE04EC0-301F-11D3-BF4B-00C04F79EFBC}") = "VisualContainerExample", "VisualContainerExample\VisualContainerExample.csproj", "{D43AE3E2-C321-4B2B-A25F-4C92589FCE93}"
EndProject
Global
	GlobalSection(SolutionConfigurationPlatforms) = preSolution
		Debug|Any CPU = Debug|Any CPU
		Release|Any CPU = Release|Any CPU
	EndGlobalSection
	GlobalSection(ProjectConfigurationPlatforms) = postSolution
		{D43AE3E2-C321-4B2B-A25F-4C92589FCE93}.Debug|Any CPU.ActiveCfg = Debug|Any CPU
		{D43AE3E2-C321-4B2B-A25F-4C92589FCE93}.Debug|Any CPU.Build.0 = Debug|Any CPU
		{D43AE3E2-C321-4B2B-A25F-4C92589FCE93}.Release|Any CPU.ActiveCfg = Release|Any CPU
		{D43AE3E2-C321-4B2B-A25F-4C92589FCE93}.Release|Any CPU.Build.0 = Release|Any CPU
	EndGlobalSection
	GlobalSection(SolutionProperties) = preSolution
		HideSolutionNode = FALSE
	EndGlobalSection
	GlobalSection(ExtensibilityGlobals) = postSolution
		SolutionGuid = {0B576B00-ED96-4A28-A79B-7669911A0E29}
	EndGlobalSection
EndGlobal
